
Microsoft Visual Studio Solution File, Format Version 12.00
# Visual Studio Version 16
VisualStudioVersion = 16.0.30907.101
MinimumVisualStudioVersion = 10.0.40219.1
Project("{9A19103F-16F7-4668-BE54-9A1E7A4F7556}") = "kamp_intro", "kamp_intro\kamp_intro.csproj", "{729BB1DA-8DA7-455B-9DA6-5344772D49C9}"
EndProject
Project("{9A19103F-16F7-4668-BE54-9A1E7A4F7556}") = "Matematik", "Matematik\Matematik.csproj", "{EB1A06B3-4236-4C74-BB52-D0030AA7729D}"
EndProject
Project("{9A19103F-16F7-4668-BE54-9A1E7A4F7556}") = "DegerVeRefransTipler", "DegerVeRefransTipler\DegerVeRefransTipler.csproj", "{AAC2CC57-B96E-4EC3-80CD-38CFC0536880}"
EndProject
Project("{FAE04EC0-301F-11D3-BF4B-00C04F79EFBC}") = "OOP1", "OOP1\OOP1.csproj", "{6F1B9F34-7254-40D0-96DA-27946DBF6CAF}"
EndProject
Project("{FAE04EC0-301F-11D3-BF4B-00C04F79EFBC}") = "Koleksiyonlar", "Koleksiyonlar\Koleksiyonlar.csproj", "{F8F09C1B-018E-4EC4-9B1F-D28057C98B1E}"
EndProject
Project("{FAE04EC0-301F-11D3-BF4B-00C04F79EFBC}") = "GenericsIntro", "GenericsIntro\GenericsIntro.csproj", "{62D675FF-47AB-4DC5-B0D8-998F381A4B7D}"
EndProject
Global
	GlobalSection(SolutionConfigurationPlatforms) = preSolution
		Debug|Any CPU = Debug|Any CPU
		Release|Any CPU = Release|Any CPU
	EndGlobalSection
	GlobalSection(ProjectConfigurationPlatforms) = postSolution
		{729BB1DA-8DA7-455B-9DA6-5344772D49C9}.Debug|Any CPU.ActiveCfg = Debug|Any CPU
		{729BB1DA-8DA7-455B-9DA6-5344772D49C9}.Debug|Any CPU.Build.0 = Debug|Any CPU
		{729BB1DA-8DA7-455B-9DA6-5344772D49C9}.Release|Any CPU.ActiveCfg = Release|Any CPU
		{729BB1DA-8DA7-455B-9DA6-5344772D49C9}.Release|Any CPU.Build.0 = Release|Any CPU
		{EB1A06B3-4236-4C74-BB52-D0030AA7729D}.Debug|Any CPU.ActiveCfg = Debug|Any CPU
		{EB1A06B3-4236-4C74-BB52-D0030AA7729D}.Debug|Any CPU.Build.0 = Debug|Any CPU
		{EB1A06B3-4236-4C74-BB52-D0030AA7729D}.Release|Any CPU.ActiveCfg = Release|Any CPU
		{EB1A06B3-4236-4C74-BB52-D0030AA7729D}.Release|Any CPU.Build.0 = Release|Any CPU
		{AAC2CC57-B96E-4EC3-80CD-38CFC0536880}.Debug|Any CPU.ActiveCfg = Debug|Any CPU
		{AAC2CC57-B96E-4EC3-80CD-38CFC0536880}.Debug|Any CPU.Build.0 = Debug|Any CPU
		{AAC2CC57-B96E-4EC3-80CD-38CFC0536880}.Release|Any CPU.ActiveCfg = Release|Any CPU
		{AAC2CC57-B96E-4EC3-80CD-38CFC0536880}.Release|Any CPU.Build.0 = Release|Any CPU
		{6F1B9F34-7254-40D0-96DA-27946DBF6CAF}.Debug|Any CPU.ActiveCfg = Debug|Any CPU
		{6F1B9F34-7254-40D0-96DA-27946DBF6CAF}.Debug|Any CPU.Build.0 = Debug|Any CPU
		{6F1B9F34-7254-40D0-96DA-27946DBF6CAF}.Release|Any CPU.ActiveCfg = Release|Any CPU
		{6F1B9F34-7254-40D0-96DA-27946DBF6CAF}.Release|Any CPU.Build.0 = Release|Any CPU
		{F8F09C1B-018E-4EC4-9B1F-D28057C98B1E}.Debug|Any CPU.ActiveCfg = Debug|Any CPU
		{F8F09C1B-018E-4EC4-9B1F-D28057C98B1E}.Debug|Any CPU.Build.0 = Debug|Any CPU
		{F8F09C1B-018E-4EC4-9B1F-D28057C98B1E}.Release|Any CPU.ActiveCfg = Release|Any CPU
		{F8F09C1B-018E-4EC4-9B1F-D28057C98B1E}.Release|Any CPU.Build.0 = Release|Any CPU
		{62D675FF-47AB-4DC5-B0D8-998F381A4B7D}.Debug|Any CPU.ActiveCfg = Debug|Any CPU
		{62D675FF-47AB-4DC5-B0D8-998F381A4B7D}.Debug|Any CPU.Build.0 = Debug|Any CPU
		{62D675FF-47AB-4DC5-B0D8-998F381A4B7D}.Release|Any CPU.ActiveCfg = Release|Any CPU
		{62D675FF-47AB-4DC5-B0D8-998F381A4B7D}.Release|Any CPU.Build.0 = Release|Any CPU
	EndGlobalSection
	GlobalSection(SolutionProperties) = preSolution
		HideSolutionNode = FALSE
	EndGlobalSection
	GlobalSection(ExtensibilityGlobals) = postSolution
		SolutionGuid = {C7656820-20D5-40DC-B104-6639413DC911}
	EndGlobalSection
EndGlobal
